
Microsoft Visual Studio Solution File, Format Version 12.00
# Visual Studio Version 17
VisualStudioVersion = 17.0.32126.317
MinimumVisualStudioVersion = 10.0.40219.1
Project("{FAE04EC0-301F-11D3-BF4B-00C04F79EFBC}") = "flipcoinCombination", "flipcoinCombination.csproj", "{2A3AA807-B593-45CC-80AD-39600EB68193}"
EndProject
Global
	GlobalSection(SolutionConfigurationPlatforms) = preSolution
		Debug|Any CPU = Debug|Any CPU
		Release|Any CPU = Release|Any CPU
	EndGlobalSection
	GlobalSection(ProjectConfigurationPlatforms) = postSolution
		{2A3AA807-B593-45CC-80AD-39600EB68193}.Debug|Any CPU.ActiveCfg = Debug|Any CPU
		{2A3AA807-B593-45CC-80AD-39600EB68193}.Debug|Any CPU.Build.0 = Debug|Any CPU
		{2A3AA807-B593-45CC-80AD-39600EB68193}.Release|Any CPU.ActiveCfg = Release|Any CPU
		{2A3AA807-B593-45CC-80AD-39600EB68193}.Release|Any CPU.Build.0 = Release|Any CPU
	EndGlobalSection
	GlobalSection(SolutionProperties) = preSolution
		HideSolutionNode = FALSE
	EndGlobalSection
	GlobalSection(ExtensibilityGlobals) = postSolution
		SolutionGuid = {6A654950-8D28-4DB5-9E5A-409A0D2EB830}
	EndGlobalSection
EndGlobal
